
Microsoft Visual Studio Solution File, Format Version 12.00
# Visual Studio Version 17
VisualStudioVersion = 17.1.32210.238
MinimumVisualStudioVersion = 10.0.40219.1
Project("{FAE04EC0-301F-11D3-BF4B-00C04F79EFBC}") = "Winform1_leejuhoon", "Winform1_leejuhoon\Winform1_leejuhoon.csproj", "{B5786EBD-AA9C-4D9C-9266-5EF1AC1031EE}"
EndProject
Project("{FAE04EC0-301F-11D3-BF4B-00C04F79EFBC}") = "Winform2_leejuhoon", "Winform2_leejuhoon\Winform2_leejuhoon.csproj", "{F347A500-FA41-432D-8130-556F12A0584C}"
EndProject
Global
	GlobalSection(SolutionConfigurationPlatforms) = preSolution
		Debug|Any CPU = Debug|Any CPU
		Release|Any CPU = Release|Any CPU
	EndGlobalSection
	GlobalSection(ProjectConfigurationPlatforms) = postSolution
		{B5786EBD-AA9C-4D9C-9266-5EF1AC1031EE}.Debug|Any CPU.ActiveCfg = Debug|Any CPU
		{B5786EBD-AA9C-4D9C-9266-5EF1AC1031EE}.Debug|Any CPU.Build.0 = Debug|Any CPU
		{B5786EBD-AA9C-4D9C-9266-5EF1AC1031EE}.Release|Any CPU.ActiveCfg = Release|Any CPU
		{B5786EBD-AA9C-4D9C-9266-5EF1AC1031EE}.Release|Any CPU.Build.0 = Release|Any CPU
		{F347A500-FA41-432D-8130-556F12A0584C}.Debug|Any CPU.ActiveCfg = Debug|Any CPU
		{F347A500-FA41-432D-8130-556F12A0584C}.Debug|Any CPU.Build.0 = Debug|Any CPU
		{F347A500-FA41-432D-8130-556F12A0584C}.Release|Any CPU.ActiveCfg = Release|Any CPU
		{F347A500-FA41-432D-8130-556F12A0584C}.Release|Any CPU.Build.0 = Release|Any CPU
	EndGlobalSection
	GlobalSection(SolutionProperties) = preSolution
		HideSolutionNode = FALSE
	EndGlobalSection
	GlobalSection(ExtensibilityGlobals) = postSolution
		SolutionGuid = {A5E34C87-1FDB-410A-8185-CDEBD337D606}
	EndGlobalSection
EndGlobal
