
Microsoft Visual Studio Solution File, Format Version 12.00
# Visual Studio Version 17
VisualStudioVersion = 17.1.32210.238
MinimumVisualStudioVersion = 10.0.40219.1
Project("{FAE04EC0-301F-11D3-BF4B-00C04F79EFBC}") = "Week13_C_2", "ConsoleApp1\Week13_C_2.csproj", "{DADD4A1C-BC87-4A2A-83EF-CAED317438F4}"
EndProject
Global
	GlobalSection(SolutionConfigurationPlatforms) = preSolution
		Debug|Any CPU = Debug|Any CPU
		Release|Any CPU = Release|Any CPU
	EndGlobalSection
	GlobalSection(ProjectConfigurationPlatforms) = postSolution
		{DADD4A1C-BC87-4A2A-83EF-CAED317438F4}.Debug|Any CPU.ActiveCfg = Debug|Any CPU
		{DADD4A1C-BC87-4A2A-83EF-CAED317438F4}.Debug|Any CPU.Build.0 = Debug|Any CPU
		{DADD4A1C-BC87-4A2A-83EF-CAED317438F4}.Release|Any CPU.ActiveCfg = Release|Any CPU
		{DADD4A1C-BC87-4A2A-83EF-CAED317438F4}.Release|Any CPU.Build.0 = Release|Any CPU
	EndGlobalSection
	GlobalSection(SolutionProperties) = preSolution
		HideSolutionNode = FALSE
	EndGlobalSection
	GlobalSection(ExtensibilityGlobals) = postSolution
		SolutionGuid = {0BB3877E-A80E-40F7-A183-5FE35FCC29D5}
	EndGlobalSection
EndGlobal
